// !$*UTF8*$!
{
	archiveVersion = 1;
	classes = {
	};
	objectVersion = 48;
	objects = {

/* Begin PBXBuildFile section */
		AE976E071FF395C30055CC08 /* QRCodeGenerator.m in Sources */ = {isa = PBXBuildFile; fileRef = AE976DFB1FF395C20055CC08 /* QRCodeGenerator.m */; };
/* End PBXBuildFile section */

/* Begin PBXCopyFilesBuildPhase section */
		AE976DE71FF3959F0055CC08 /* CopyFiles */ = {
			isa = PBXCopyFilesBuildPhase;
			buildActionMask = 2147483647;
			dstPath = "include/$(PRODUCT_NAME)";
			dstSubfolderSpec = 16;
			files = (
			);
			runOnlyForDeploymentPostprocessing = 0;
		};
/* End PBXCopyFilesBuildPhase section */

/* Begin PBXFileReference section */
		AE976DE91FF3959F0055CC08 /* libQRCode.a */ = {isa = PBXFileReference; explicitFileType = archive.ar; includeInIndex = 0; path = libQRCode.a; sourceTree = BUILT_PRODUCTS_DIR; };
		AE976DF51FF395C20055CC08 /* QRCodeGenerator.h */ = {isa = PBXFileReference; fileEncoding = 4; lastKnownFileType = sourcecode.c.h; path = QRCodeGenerator.h; sourceTree = "<group>"; };
		AE976DFB1FF395C20055CC08 /* QRCodeGenerator.m */ = {isa = PBXFileReference; fileEncoding = 4; lastKnownFileType = sourcecode.c.objc; path = QRCodeGenerator.m; sourceTree = "<group>"; };
		AE976E0E1FF396810055CC08 /* bitstream.c */ = {isa = PBXFileReference; lastKnownFileType = sourcecode.c.c; path = bitstream.c; sourceTree = "<group>"; };
		AE976E0F1FF396810055CC08 /* bitstream.h */ = {isa = PBXFileReference; lastKnownFileType = sourcecode.c.h; path = bitstream.h; sourceTree = "<group>"; };
		AE976E101FF396810055CC08 /* mask.c */ = {isa = PBXFileReference; lastKnownFileType = sourcecode.c.c; path = mask.c; sourceTree = "<group>"; };
		AE976E111FF396810055CC08 /* mask.h */ = {isa = PBXFileReference; lastKnownFileType = sourcecode.c.h; path = mask.h; sourceTree = "<group>"; };
		AE976E121FF396810055CC08 /* qrencode.c */ = {isa = PBXFileReference; lastKnownFileType = sourcecode.c.c; path = qrencode.c; sourceTree = "<group>"; };
		AE976E131FF396810055CC08 /* qrencode.h */ = {isa = PBXFileReference; lastKnownFileType = sourcecode.c.h; path = qrencode.h; sourceTree = "<group>"; };
		AE976E141FF396810055CC08 /* qrinput.c */ = {isa = PBXFileReference; lastKnownFileType = sourcecode.c.c; path = qrinput.c; sourceTree = "<group>"; };
		AE976E151FF396810055CC08 /* qrinput.h */ = {isa = PBXFileReference; lastKnownFileType = sourcecode.c.h; path = qrinput.h; sourceTree = "<group>"; };
		AE976E161FF396810055CC08 /* qrspec.c */ = {isa = PBXFileReference; lastKnownFileType = sourcecode.c.c; path = qrspec.c; sourceTree = "<group>"; };
		AE976E171FF396810055CC08 /* qrspec.h */ = {isa = PBXFileReference; lastKnownFileType = sourcecode.c.h; path = qrspec.h; sourceTree = "<group>"; };
		AE976E181FF396810055CC08 /* rscode.c */ = {isa = PBXFileReference; lastKnownFileType = sourcecode.c.c; path = rscode.c; sourceTree = "<group>"; };
		AE976E191FF396810055CC08 /* rscode.h */ = {isa = PBXFileReference; lastKnownFileType = sourcecode.c.h; path = rscode.h; sourceTree = "<group>"; };
		AE976E1A1FF396810055CC08 /* split.c */ = {isa = PBXFileReference; lastKnownFileType = sourcecode.c.c; path = split.c; sourceTree = "<group>"; };
		AE976E1B1FF396810055CC08 /* split.h */ = {isa = PBXFileReference; lastKnownFileType = sourcecode.c.h; path = split.h; sourceTree = "<group>"; };
/* End PBXFileReference section */

/* Begin PBXFrameworksBuildPhase section */
		AE976DE61FF3959F0055CC08 /* Frameworks */ = {
			isa = PBXFrameworksBuildPhase;
			buildActionMask = 2147483647;
			files = (
			);
			runOnlyForDeploymentPostprocessing = 0;
		};
/* End PBXFrameworksBuildPhase section */

/* Begin PBXGroup section */
		AE976DE01FF3959F0055CC08 = {
			isa = PBXGroup;
			children = (
				AE976DEB1FF3959F0055CC08 /* QRCode */,
				AE976DEA1FF3959F0055CC08 /* Products */,
			);
			sourceTree = "<group>";
		};
		AE976DEA1FF3959F0055CC08 /* Products */ = {
			isa = PBXGroup;
			children = (
				AE976DE91FF3959F0055CC08 /* libQRCode.a */,
			);
			name = Products;
			sourceTree = "<group>";
		};
		AE976DEB1FF3959F0055CC08 /* QRCode */ = {
			isa = PBXGroup;
			children = (
				AE976DF51FF395C20055CC08 /* QRCodeGenerator.h */,
				AE976DFB1FF395C20055CC08 /* QRCodeGenerator.m */,
				AE976E0D1FF396810055CC08 /* qrlib */,
			);
			path = QRCode;
			sourceTree = "<group>";
		};
		AE976E0D1FF396810055CC08 /* qrlib */ = {
			isa = PBXGroup;
			children = (
				AE976E0E1FF396810055CC08 /* bitstream.c */,
				AE976E0F1FF396810055CC08 /* bitstream.h */,
				AE976E101FF396810055CC08 /* mask.c */,
				AE976E111FF396810055CC08 /* mask.h */,
				AE976E121FF396810055CC08 /* qrencode.c */,
				AE976E131FF396810055CC08 /* qrencode.h */,
				AE976E141FF396810055CC08 /* qrinput.c */,
				AE976E151FF396810055CC08 /* qrinput.h */,
				AE976E161FF396810055CC08 /* qrspec.c */,
				AE976E171FF396810055CC08 /* qrspec.h */,
				AE976E181FF396810055CC08 /* rscode.c */,
				AE976E191FF396810055CC08 /* rscode.h */,
				AE976E1A1FF396810055CC08 /* split.c */,
				AE976E1B1FF396810055CC08 /* split.h */,
			);
			path = qrlib;
			sourceTree = "<group>";
		};
/* End PBXGroup section */

/* Begin PBXNativeTarget section */
		AE976DE81FF3959F0055CC08 /* QRCode */ = {
			isa = PBXNativeTarget;
			buildConfigurationList = AE976DF21FF3959F0055CC08 /* Build configuration list for PBXNativeTarget "QRCode" */;
			buildPhases = (
				AE976DE51FF3959F0055CC08 /* Sources */,
				AE976DE61FF3959F0055CC08 /* Frameworks */,
				AE976DE71FF3959F0055CC08 /* CopyFiles */,
			);
			buildRules = (
			);
			dependencies = (
			);
			name = QRCode;
			productName = QRCode;
			productReference = AE976DE91FF3959F0055CC08 /* libQRCode.a */;
			productType = "com.apple.product-type.library.static";
		};
/* End PBXNativeTarget section */

/* Begin PBXProject section */
		AE976DE11FF3959F0055CC08 /* Project object */ = {
			isa = PBXProject;
			attributes = {
				LastUpgradeCheck = 0910;
				ORGANIZATIONNAME = "du zhou";
				TargetAttributes = {
					AE976DE81FF3959F0055CC08 = {
						CreatedOnToolsVersion = 9.1;
						ProvisioningStyle = Automatic;
					};
				};
			};
			buildConfigurationList = AE976DE41FF3959F0055CC08 /* Build configuration list for PBXProject "QRCode" */;
			compatibilityVersion = "Xcode 8.0";
			developmentRegion = en;
			hasScannedForEncodings = 0;
			knownRegions = (
				en,
			);
			mainGroup = AE976DE01FF3959F0055CC08;
			productRefGroup = AE976DEA1FF3959F0055CC08 /* Products */;
			projectDirPath = "";
			projectRoot = "";
			targets = (
				AE976DE81FF3959F0055CC08 /* QRCode */,
			);
		};
/* End PBXProject section */

/* Begin PBXSourcesBuildPhase section */
		AE976DE51FF3959F0055CC08 /* Sources */ = {
			isa = PBXSourcesBuildPhase;
			buildActionMask = 2147483647;
			files = (
				AE976E071FF395C30055CC08 /* QRCodeGenerator.m in Sources */,
			);
			runOnlyForDeploymentPostprocessing = 0;
		};
/* End PBXSourcesBuildPhase section */

/* Begin XCBuildConfiguration section */
		AE976DF01FF3959F0055CC08 /* Debug */ = {
			isa = XCBuildConfiguration;
			buildSettings = {
				ALWAYS_SEARCH_USER_PATHS = NO;
				CLANG_ANALYZER_NONNULL = YES;
				CLANG_ANALYZER_NUMBER_OBJECT_CONVERSION = YES_AGGRESSIVE;
				CLANG_CXX_LANGUAGE_STANDARD = "gnu++14";
				CLANG_CXX_LIBRARY = "libc++";
				CLANG_ENABLE_MODULES = YES;
				CLANG_ENABLE_OBJC_ARC = YES;
				CLANG_WARN_BLOCK_CAPTURE_AUTORELEASING = YES;
				CLANG_WARN_BOOL_CONVERSION = YES;
				CLANG_WARN_COMMA = YES;
				CLANG_WARN_CONSTANT_CONVERSION = YES;
				CLANG_WARN_DIRECT_OBJC_ISA_USAGE = YES_ERROR;
				CLANG_WARN_DOCUMENTATION_COMMENTS = YES;
				CLANG_WARN_EMPTY_BODY = YES;
				CLANG_WARN_ENUM_CONVERSION = YES;
				CLANG_WARN_INFINITE_RECURSION = YES;
				CLANG_WARN_INT_CONVERSION = YES;
				CLANG_WARN_NON_LITERAL_NULL_CONVERSION = YES;
				CLANG_WARN_OBJC_LITERAL_CONVERSION = YES;
				CLANG_WARN_OBJC_ROOT_CLASS = YES_ERROR;
				CLANG_WARN_RANGE_LOOP_ANALYSIS = YES;
				CLANG_WARN_STRICT_PROTOTYPES = YES;
				CLANG_WARN_SUSPICIOUS_MOVE = YES;
				CLANG_WARN_UNGUARDED_AVAILABILITY = YES_AGGRESSIVE;
				CLANG_WARN_UNREACHABLE_CODE = YES;
				CLANG_WARN__DUPLICATE_METHOD_MATCH = YES;
				CODE_SIGN_IDENTITY = "iPhone Developer";
				COPY_PHASE_STRIP = NO;
				DEBUG_INFORMATION_FORMAT = dwarf;
				ENABLE_STRICT_OBJC_MSGSEND = YES;
				ENABLE_TESTABILITY = YES;
				GCC_C_LANGUAGE_STANDARD = gnu11;
				GCC_DYNAMIC_NO_PIC = NO;
				GCC_NO_COMMON_BLOCKS = YES;
				GCC_OPTIMIZATION_LEVEL = 0;
				GCC_PREPROCESSOR_DEFINITIONS = (
					"DEBUG=1",
					"$(inherited)",
				);
				GCC_WARN_64_TO_32_BIT_CONVERSION = YES;
				GCC_WARN_ABOUT_RETURN_TYPE = YES_ERROR;
				GCC_WARN_UNDECLARED_SELECTOR = YES;
				GCC_WARN_UNINITIALIZED_AUTOS = YES_AGGRESSIVE;
				GCC_WARN_UNUSED_FUNCTION = YES;
				GCC_WARN_UNUSED_VARIABLE = YES;
				IPHONEOS_DEPLOYMENT_TARGET = 11.1;
				MTL_ENABLE_DEBUG_INFO = YES;
				ONLY_ACTIVE_ARCH = YES;
				SDKROOT = iphoneos;
			};
			name = Debug;
		};
		AE976DF11FF3959F0055CC08 /* Release */ = {
			isa = XCBuildConfiguration;
			buildSettings = {
				ALWAYS_SEARCH_USER_PATHS = NO;
				CLANG_ANALYZER_NONNULL = YES;
				CLANG_ANALYZER_NUMBER_OBJECT_CONVERSION = YES_AGGRESSIVE;
				CLANG_CXX_LANGUAGE_STANDARD = "gnu++14";
				CLANG_CXX_LIBRARY = "libc++";
				CLANG_ENABLE_MODULES = YES;
				CLANG_ENABLE_OBJC_ARC = YES;
				CLANG_WARN_BLOCK_CAPTURE_AUTORELEASING = YES;
				CLANG_WARN_BOOL_CONVERSION = YES;
				CLANG_WARN_COMMA = YES;
				CLANG_WARN_CONSTANT_CONVERSION = YES;
				CLANG_WARN_DIRECT_OBJC_ISA_USAGE = YES_ERROR;
				CLANG_WARN_DOCUMENTATION_COMMENTS = YES;
				CLANG_WARN_EMPTY_BODY = YES;
				CLANG_WARN_ENUM_CONVERSION = YES;
				CLANG_WARN_INFINITE_RECURSION = YES;
				CLANG_WARN_INT_CONVERSION = YES;
				CLANG_WARN_NON_LITERAL_NULL_CONVERSION = YES;
				CLANG_WARN_OBJC_LITERAL_CONVERSION = YES;
				CLANG_WARN_OBJC_ROOT_CLASS = YES_ERROR;
				CLANG_WARN_RANGE_LOOP_ANALYSIS = YES;
				CLANG_WARN_STRICT_PROTOTYPES = YES;
				CLANG_WARN_SUSPICIOUS_MOVE = YES;
				CLANG_WARN_UNGUARDED_AVAILABILITY = YES_AGGRESSIVE;
				CLANG_WARN_UNREACHABLE_CODE = YES;
				CLANG_WARN__DUPLICATE_METHOD_MATCH = YES;
				CODE_SIGN_IDENTITY = "iPhone Developer";
				COPY_PHASE_STRIP = NO;
				DEBUG_INFORMATION_FORMAT = "dwarf-with-dsym";
				ENABLE_NS_ASSERTIONS = NO;
				ENABLE_STRICT_OBJC_MSGSEND = YES;
				GCC_C_LANGUAGE_STANDARD = gnu11;
				GCC_NO_COMMON_BLOCKS = YES;
				GCC_WARN_64_TO_32_BIT_CONVERSION = YES;
				GCC_WARN_ABOUT_RETURN_TYPE = YES_ERROR;
				GCC_WARN_UNDECLARED_SELECTOR = YES;
				GCC_WARN_UNINITIALIZED_AUTOS = YES_AGGRESSIVE;
				GCC_WARN_UNUSED_FUNCTION = YES;
				GCC_WARN_UNUSED_VARIABLE = YES;
				IPHONEOS_DEPLOYMENT_TARGET = 11.1;
				MTL_ENABLE_DEBUG_INFO = NO;
				SDKROOT = iphoneos;
				VALIDATE_PRODUCT = YES;
			};
			name = Release;
		};
		AE976DF31FF3959F0055CC08 /* Debug */ = {
			isa = XCBuildConfiguration;
			buildSettings = {
				CODE_SIGN_STYLE = Automatic;
				OTHER_LDFLAGS = "-ObjC";
				PRODUCT_NAME = "$(TARGET_NAME)";
				SKIP_INSTALL = YES;
				TARGETED_DEVICE_FAMILY = "1,2";
			};
			name = Debug;
		};
		AE976DF41FF3959F0055CC08 /* Release */ = {
			isa = XCBuildConfiguration;
			buildSettings = {
				CODE_SIGN_STYLE = Automatic;
				OTHER_LDFLAGS = "-ObjC";
				PRODUCT_NAME = "$(TARGET_NAME)";
				SKIP_INSTALL = YES;
				TARGETED_DEVICE_FAMILY = "1,2";
			};
			name = Release;
		};
/* End XCBuildConfiguration section */

/* Begin XCConfigurationList section */
		AE976DE41FF3959F0055CC08 /* Build configuration list for PBXProject "QRCode" */ = {
			isa = XCConfigurationList;
			buildConfigurations = (
				AE976DF01FF3959F0055CC08 /* Debug */,
				AE976DF11FF3959F0055CC08 /* Release */,
			);
			defaultConfigurationIsVisible = 0;
			defaultConfigurationName = Release;
		};
		AE976DF21FF3959F0055CC08 /* Build configuration list for PBXNativeTarget "QRCode" */ = {
			isa = XCConfigurationList;
			buildConfigurations = (
				AE976DF31FF3959F0055CC08 /* Debug */,
				AE976DF41FF3959F0055CC08 /* Release */,
			);
			defaultConfigurationIsVisible = 0;
			defaultConfigurationName = Release;
		};
/* End XCConfigurationList section */
	};
	rootObject = AE976DE11FF3959F0055CC08 /* Project object */;
}
